
Microsoft Visual Studio Solution File, Format Version 12.00
# Visual Studio 15
VisualStudioVersion = 15.0.28010.2016
MinimumVisualStudioVersion = 10.0.40219.1
Project("{9A19103F-16F7-4668-BE54-9A1E7A4F7556}") = "Bdc.JobService.Service", "Bdc.JobService.Service\Bdc.JobService.Service.csproj", "{0A504073-8E39-469D-9F10-8AC95E178238}"
EndProject
Project("{FAE04EC0-301F-11D3-BF4B-00C04F79EFBC}") = "Bdc.JobService.Businesslogic", "Bdc.JobService.Businesslogic\Bdc.JobService.Businesslogic.csproj", "{1D093BCD-3981-45F9-9B6D-D513FA220CA7}"
EndProject
Project("{FAE04EC0-301F-11D3-BF4B-00C04F79EFBC}") = "Bdc.JobService.DataAccess", "Bdc.JobService.DataAccess\Bdc.JobService.DataAccess.csproj", "{8F1B3D23-94B2-4EF4-9BF5-36E00970C9D9}"
EndProject
Global
	GlobalSection(SolutionConfigurationPlatforms) = preSolution
		Debug|Any CPU = Debug|Any CPU
		Release|Any CPU = Release|Any CPU
	EndGlobalSection
	GlobalSection(ProjectConfigurationPlatforms) = postSolution
		{0A504073-8E39-469D-9F10-8AC95E178238}.Debug|Any CPU.ActiveCfg = Debug|Any CPU
		{0A504073-8E39-469D-9F10-8AC95E178238}.Debug|Any CPU.Build.0 = Debug|Any CPU
		{0A504073-8E39-469D-9F10-8AC95E178238}.Release|Any CPU.ActiveCfg = Release|Any CPU
		{0A504073-8E39-469D-9F10-8AC95E178238}.Release|Any CPU.Build.0 = Release|Any CPU
		{1D093BCD-3981-45F9-9B6D-D513FA220CA7}.Debug|Any CPU.ActiveCfg = Debug|Any CPU
		{1D093BCD-3981-45F9-9B6D-D513FA220CA7}.Debug|Any CPU.Build.0 = Debug|Any CPU
		{1D093BCD-3981-45F9-9B6D-D513FA220CA7}.Release|Any CPU.ActiveCfg = Release|Any CPU
		{1D093BCD-3981-45F9-9B6D-D513FA220CA7}.Release|Any CPU.Build.0 = Release|Any CPU
		{8F1B3D23-94B2-4EF4-9BF5-36E00970C9D9}.Debug|Any CPU.ActiveCfg = Debug|Any CPU
		{8F1B3D23-94B2-4EF4-9BF5-36E00970C9D9}.Debug|Any CPU.Build.0 = Debug|Any CPU
		{8F1B3D23-94B2-4EF4-9BF5-36E00970C9D9}.Release|Any CPU.ActiveCfg = Release|Any CPU
		{8F1B3D23-94B2-4EF4-9BF5-36E00970C9D9}.Release|Any CPU.Build.0 = Release|Any CPU
	EndGlobalSection
	GlobalSection(SolutionProperties) = preSolution
		HideSolutionNode = FALSE
	EndGlobalSection
	GlobalSection(ExtensibilityGlobals) = postSolution
		SolutionGuid = {F7EDD255-3F2A-475A-8548-B985D6B2D06D}
	EndGlobalSection
EndGlobal
